
Microsoft Visual Studio Solution File, Format Version 12.00
# Visual Studio Version 17
VisualStudioVersion = 17.13.35828.75
MinimumVisualStudioVersion = 10.0.40219.1
Project("{FAE04EC0-301F-11D3-BF4B-00C04F79EFBC}") = "FCG", "FCG\FCG.csproj", "{E242D872-802A-4ADD-9C7C-8DB146CACEB5}"
EndProject
Project("{FAE04EC0-301F-11D3-BF4B-00C04F79EFBC}") = "TEST-FCG", "TEST-FCG\TEST-FCG.csproj", "{20C3EE44-8880-49CD-9FA3-BD3BE55CC620}"
EndProject
Project("{2150E333-8FDC-42A3-9474-1A3956D46DE8}") = "src", "src", "{02EA681E-C7D8-13C7-8484-4AC65E1B71E8}"
EndProject
Project("{2150E333-8FDC-42A3-9474-1A3956D46DE8}") = "Testes", "Testes", "{DBAA88E0-ED36-4AE0-91F9-C1A8959DDB19}"
EndProject
Project("{2150E333-8FDC-42A3-9474-1A3956D46DE8}") = "Core", "Core", "{8AA0D9C8-82FF-4678-ACE5-002D2157B995}"
EndProject
Project("{FAE04EC0-301F-11D3-BF4B-00C04F79EFBC}") = "Application", "Application\Application.csproj", "{89066092-DB37-4E79-BCFE-C99FE8B98AF6}"
EndProject
Project("{FAE04EC0-301F-11D3-BF4B-00C04F79EFBC}") = "Domain", "Domain\Domain.csproj", "{EF073D00-3A04-47C3-BDF9-1CA181373A4C}"
EndProject
Project("{2150E333-8FDC-42A3-9474-1A3956D46DE8}") = "Adapters", "Adapters", "{7EC467F8-3E90-4160-866B-28649D0D81CB}"
EndProject
Project("{FAE04EC0-301F-11D3-BF4B-00C04F79EFBC}") = "Infra", "Infra\Infra.csproj", "{DDD7B3A6-5951-4379-9390-AD64D905FCEB}"
EndProject
Project("{2150E333-8FDC-42A3-9474-1A3956D46DE8}") = "Driven", "Driven", "{F8DB1AAD-DA5B-4393-A2FA-ABD8D0C67075}"
EndProject
Project("{2150E333-8FDC-42A3-9474-1A3956D46DE8}") = "Driver", "Driver", "{2EB3E725-7BAC-4F1F-927B-38DA5B712E09}"
EndProject
Global
	GlobalSection(SolutionConfigurationPlatforms) = preSolution
		Debug|Any CPU = Debug|Any CPU
		Release|Any CPU = Release|Any CPU
	EndGlobalSection
	GlobalSection(ProjectConfigurationPlatforms) = postSolution
		{E242D872-802A-4ADD-9C7C-8DB146CACEB5}.Debug|Any CPU.ActiveCfg = Debug|Any CPU
		{E242D872-802A-4ADD-9C7C-8DB146CACEB5}.Debug|Any CPU.Build.0 = Debug|Any CPU
		{E242D872-802A-4ADD-9C7C-8DB146CACEB5}.Release|Any CPU.ActiveCfg = Release|Any CPU
		{E242D872-802A-4ADD-9C7C-8DB146CACEB5}.Release|Any CPU.Build.0 = Release|Any CPU
		{20C3EE44-8880-49CD-9FA3-BD3BE55CC620}.Debug|Any CPU.ActiveCfg = Debug|Any CPU
		{20C3EE44-8880-49CD-9FA3-BD3BE55CC620}.Debug|Any CPU.Build.0 = Debug|Any CPU
		{20C3EE44-8880-49CD-9FA3-BD3BE55CC620}.Release|Any CPU.ActiveCfg = Release|Any CPU
		{20C3EE44-8880-49CD-9FA3-BD3BE55CC620}.Release|Any CPU.Build.0 = Release|Any CPU
		{89066092-DB37-4E79-BCFE-C99FE8B98AF6}.Debug|Any CPU.ActiveCfg = Debug|Any CPU
		{89066092-DB37-4E79-BCFE-C99FE8B98AF6}.Debug|Any CPU.Build.0 = Debug|Any CPU
		{89066092-DB37-4E79-BCFE-C99FE8B98AF6}.Release|Any CPU.ActiveCfg = Release|Any CPU
		{89066092-DB37-4E79-BCFE-C99FE8B98AF6}.Release|Any CPU.Build.0 = Release|Any CPU
		{EF073D00-3A04-47C3-BDF9-1CA181373A4C}.Debug|Any CPU.ActiveCfg = Debug|Any CPU
		{EF073D00-3A04-47C3-BDF9-1CA181373A4C}.Debug|Any CPU.Build.0 = Debug|Any CPU
		{EF073D00-3A04-47C3-BDF9-1CA181373A4C}.Release|Any CPU.ActiveCfg = Release|Any CPU
		{EF073D00-3A04-47C3-BDF9-1CA181373A4C}.Release|Any CPU.Build.0 = Release|Any CPU
		{DDD7B3A6-5951-4379-9390-AD64D905FCEB}.Debug|Any CPU.ActiveCfg = Debug|Any CPU
		{DDD7B3A6-5951-4379-9390-AD64D905FCEB}.Debug|Any CPU.Build.0 = Debug|Any CPU
		{DDD7B3A6-5951-4379-9390-AD64D905FCEB}.Release|Any CPU.ActiveCfg = Release|Any CPU
		{DDD7B3A6-5951-4379-9390-AD64D905FCEB}.Release|Any CPU.Build.0 = Release|Any CPU
	EndGlobalSection
	GlobalSection(SolutionProperties) = preSolution
		HideSolutionNode = FALSE
	EndGlobalSection
	GlobalSection(NestedProjects) = preSolution
		{E242D872-802A-4ADD-9C7C-8DB146CACEB5} = {2EB3E725-7BAC-4F1F-927B-38DA5B712E09}
		{20C3EE44-8880-49CD-9FA3-BD3BE55CC620} = {DBAA88E0-ED36-4AE0-91F9-C1A8959DDB19}
		{8AA0D9C8-82FF-4678-ACE5-002D2157B995} = {02EA681E-C7D8-13C7-8484-4AC65E1B71E8}
		{89066092-DB37-4E79-BCFE-C99FE8B98AF6} = {8AA0D9C8-82FF-4678-ACE5-002D2157B995}
		{EF073D00-3A04-47C3-BDF9-1CA181373A4C} = {8AA0D9C8-82FF-4678-ACE5-002D2157B995}
		{7EC467F8-3E90-4160-866B-28649D0D81CB} = {02EA681E-C7D8-13C7-8484-4AC65E1B71E8}
		{DDD7B3A6-5951-4379-9390-AD64D905FCEB} = {F8DB1AAD-DA5B-4393-A2FA-ABD8D0C67075}
		{F8DB1AAD-DA5B-4393-A2FA-ABD8D0C67075} = {7EC467F8-3E90-4160-866B-28649D0D81CB}
		{2EB3E725-7BAC-4F1F-927B-38DA5B712E09} = {7EC467F8-3E90-4160-866B-28649D0D81CB}
	EndGlobalSection
	GlobalSection(ExtensibilityGlobals) = postSolution
		SolutionGuid = {A6CBB4B5-DA4D-4AFF-8BFE-BAD7617089B9}
	EndGlobalSection
EndGlobal
